// !$*UTF8*$!
{
	archiveVersion = 1;
	classes = {
	};
	objectVersion = 55;
	objects = {

/* Begin PBXBuildFile section */
		FC6C3A7B28F863FD002811CC /* PizzaCell.swift in Sources */ = {isa = PBXBuildFile; fileRef = FC6C3A7A28F863FD002811CC /* PizzaCell.swift */; };
		FC6C3A7E28F8667C002811CC /* Pizza.swift in Sources */ = {isa = PBXBuildFile; fileRef = FC6C3A7D28F8667C002811CC /* Pizza.swift */; };
		FC6C3A8028F8778B002811CC /* BannerCell.swift in Sources */ = {isa = PBXBuildFile; fileRef = FC6C3A7F28F8778B002811CC /* BannerCell.swift */; };
		FC6C3A8228F877AE002811CC /* Banner.swift in Sources */ = {isa = PBXBuildFile; fileRef = FC6C3A8128F877AE002811CC /* Banner.swift */; };
		FC6C3A8528F87EF9002811CC /* NavBarView.swift in Sources */ = {isa = PBXBuildFile; fileRef = FC6C3A8428F87EF9002811CC /* NavBarView.swift */; };
		FC6C3A8928F89468002811CC /* BannerTableCell.swift in Sources */ = {isa = PBXBuildFile; fileRef = FC6C3A8828F89468002811CC /* BannerTableCell.swift */; };
		FC6C3A8B28F8949D002811CC /* MenuCollectionLayout.swift in Sources */ = {isa = PBXBuildFile; fileRef = FC6C3A8A28F8949C002811CC /* MenuCollectionLayout.swift */; };
		FC6C3A8F28F89FA0002811CC /* SectionButtonCell.swift in Sources */ = {isa = PBXBuildFile; fileRef = FC6C3A8E28F89F9F002811CC /* SectionButtonCell.swift */; };
		FC6C3A9128F8A22D002811CC /* SectionTableCell.swift in Sources */ = {isa = PBXBuildFile; fileRef = FC6C3A9028F8A22D002811CC /* SectionTableCell.swift */; };
		FCB9CA4728F85860001A87FD /* AppDelegate.swift in Sources */ = {isa = PBXBuildFile; fileRef = FCB9CA4628F85860001A87FD /* AppDelegate.swift */; };
		FCB9CA4928F85860001A87FD /* SceneDelegate.swift in Sources */ = {isa = PBXBuildFile; fileRef = FCB9CA4828F85860001A87FD /* SceneDelegate.swift */; };
		FCB9CA5028F85863001A87FD /* Assets.xcassets in Resources */ = {isa = PBXBuildFile; fileRef = FCB9CA4F28F85863001A87FD /* Assets.xcassets */; };
		FCB9CA5328F85863001A87FD /* LaunchScreen.storyboard in Resources */ = {isa = PBXBuildFile; fileRef = FCB9CA5128F85863001A87FD /* LaunchScreen.storyboard */; };
		FCB9CA5D28F8595C001A87FD /* MainTabBarVC.swift in Sources */ = {isa = PBXBuildFile; fileRef = FCB9CA5C28F8595C001A87FD /* MainTabBarVC.swift */; };
		FCB9CA6328F85A93001A87FD /* MenuVC.swift in Sources */ = {isa = PBXBuildFile; fileRef = FCB9CA6228F85A93001A87FD /* MenuVC.swift */; };
		FCB9CA6528F85AB0001A87FD /* ContactsVC.swift in Sources */ = {isa = PBXBuildFile; fileRef = FCB9CA6428F85AB0001A87FD /* ContactsVC.swift */; };
		FCB9CA6728F85AC2001A87FD /* ProfileVC.swift in Sources */ = {isa = PBXBuildFile; fileRef = FCB9CA6628F85AC1001A87FD /* ProfileVC.swift */; };
		FCB9CA6928F85ACF001A87FD /* BasketVC.swift in Sources */ = {isa = PBXBuildFile; fileRef = FCB9CA6828F85ACF001A87FD /* BasketVC.swift */; };
		FCB9CA6C28F85E01001A87FD /* Ex+Colors.swift in Sources */ = {isa = PBXBuildFile; fileRef = FCB9CA6B28F85E01001A87FD /* Ex+Colors.swift */; };
/* End PBXBuildFile section */

/* Begin PBXFileReference section */
		FC6C3A7A28F863FD002811CC /* PizzaCell.swift */ = {isa = PBXFileReference; lastKnownFileType = sourcecode.swift; path = PizzaCell.swift; sourceTree = "<group>"; };
		FC6C3A7D28F8667C002811CC /* Pizza.swift */ = {isa = PBXFileReference; lastKnownFileType = sourcecode.swift; path = Pizza.swift; sourceTree = "<group>"; };
		FC6C3A7F28F8778B002811CC /* BannerCell.swift */ = {isa = PBXFileReference; lastKnownFileType = sourcecode.swift; path = BannerCell.swift; sourceTree = "<group>"; };
		FC6C3A8128F877AE002811CC /* Banner.swift */ = {isa = PBXFileReference; lastKnownFileType = sourcecode.swift; path = Banner.swift; sourceTree = "<group>"; };
		FC6C3A8428F87EF9002811CC /* NavBarView.swift */ = {isa = PBXFileReference; lastKnownFileType = sourcecode.swift; path = NavBarView.swift; sourceTree = "<group>"; };
		FC6C3A8828F89468002811CC /* BannerTableCell.swift */ = {isa = PBXFileReference; lastKnownFileType = sourcecode.swift; path = BannerTableCell.swift; sourceTree = "<group>"; };
		FC6C3A8A28F8949C002811CC /* MenuCollectionLayout.swift */ = {isa = PBXFileReference; lastKnownFileType = sourcecode.swift; path = MenuCollectionLayout.swift; sourceTree = "<group>"; };
		FC6C3A8E28F89F9F002811CC /* SectionButtonCell.swift */ = {isa = PBXFileReference; lastKnownFileType = sourcecode.swift; path = SectionButtonCell.swift; sourceTree = "<group>"; };
		FC6C3A9028F8A22D002811CC /* SectionTableCell.swift */ = {isa = PBXFileReference; lastKnownFileType = sourcecode.swift; path = SectionTableCell.swift; sourceTree = "<group>"; };
		FCB9CA4328F85860001A87FD /* Test_Pizza.app */ = {isa = PBXFileReference; explicitFileType = wrapper.application; includeInIndex = 0; path = Test_Pizza.app; sourceTree = BUILT_PRODUCTS_DIR; };
		FCB9CA4628F85860001A87FD /* AppDelegate.swift */ = {isa = PBXFileReference; lastKnownFileType = sourcecode.swift; path = AppDelegate.swift; sourceTree = "<group>"; };
		FCB9CA4828F85860001A87FD /* SceneDelegate.swift */ = {isa = PBXFileReference; lastKnownFileType = sourcecode.swift; path = SceneDelegate.swift; sourceTree = "<group>"; };
		FCB9CA4F28F85863001A87FD /* Assets.xcassets */ = {isa = PBXFileReference; lastKnownFileType = folder.assetcatalog; path = Assets.xcassets; sourceTree = "<group>"; };
		FCB9CA5228F85863001A87FD /* Base */ = {isa = PBXFileReference; lastKnownFileType = file.storyboard; name = Base; path = Base.lproj/LaunchScreen.storyboard; sourceTree = "<group>"; };
		FCB9CA5428F85863001A87FD /* Info.plist */ = {isa = PBXFileReference; lastKnownFileType = text.plist.xml; path = Info.plist; sourceTree = "<group>"; };
		FCB9CA5C28F8595C001A87FD /* MainTabBarVC.swift */ = {isa = PBXFileReference; lastKnownFileType = sourcecode.swift; path = MainTabBarVC.swift; sourceTree = "<group>"; };
		FCB9CA6228F85A93001A87FD /* MenuVC.swift */ = {isa = PBXFileReference; lastKnownFileType = sourcecode.swift; path = MenuVC.swift; sourceTree = "<group>"; };
		FCB9CA6428F85AB0001A87FD /* ContactsVC.swift */ = {isa = PBXFileReference; lastKnownFileType = sourcecode.swift; path = ContactsVC.swift; sourceTree = "<group>"; };
		FCB9CA6628F85AC1001A87FD /* ProfileVC.swift */ = {isa = PBXFileReference; lastKnownFileType = sourcecode.swift; path = ProfileVC.swift; sourceTree = "<group>"; };
		FCB9CA6828F85ACF001A87FD /* BasketVC.swift */ = {isa = PBXFileReference; lastKnownFileType = sourcecode.swift; path = BasketVC.swift; sourceTree = "<group>"; };
		FCB9CA6B28F85E01001A87FD /* Ex+Colors.swift */ = {isa = PBXFileReference; lastKnownFileType = sourcecode.swift; path = "Ex+Colors.swift"; sourceTree = "<group>"; };
/* End PBXFileReference section */

/* Begin PBXFrameworksBuildPhase section */
		FCB9CA4028F85860001A87FD /* Frameworks */ = {
			isa = PBXFrameworksBuildPhase;
			buildActionMask = 2147483647;
			files = (
			);
			runOnlyForDeploymentPostprocessing = 0;
		};
/* End PBXFrameworksBuildPhase section */

/* Begin PBXGroup section */
		FC6C3A7928F863E7002811CC /* View */ = {
			isa = PBXGroup;
			children = (
				FC6C3A9328F8A319002811CC /* SectionCollection */,
				FC6C3A9228F8A2FB002811CC /* BannerCollection */,
				FC6C3A7A28F863FD002811CC /* PizzaCell.swift */,
			);
			path = View;
			sourceTree = "<group>";
		};
		FC6C3A7C28F8666C002811CC /* Models */ = {
			isa = PBXGroup;
			children = (
				FC6C3A7D28F8667C002811CC /* Pizza.swift */,
				FC6C3A8128F877AE002811CC /* Banner.swift */,
			);
			path = Models;
			sourceTree = "<group>";
		};
		FC6C3A8328F87EE6002811CC /* Customs */ = {
			isa = PBXGroup;
			children = (
				FC6C3A8428F87EF9002811CC /* NavBarView.swift */,
			);
			path = Customs;
			sourceTree = "<group>";
		};
		FC6C3A9228F8A2FB002811CC /* BannerCollection */ = {
			isa = PBXGroup;
			children = (
				FC6C3A7F28F8778B002811CC /* BannerCell.swift */,
				FC6C3A8828F89468002811CC /* BannerTableCell.swift */,
			);
			path = BannerCollection;
			sourceTree = "<group>";
		};
		FC6C3A9328F8A319002811CC /* SectionCollection */ = {
			isa = PBXGroup;
			children = (
				FC6C3A8E28F89F9F002811CC /* SectionButtonCell.swift */,
				FC6C3A9028F8A22D002811CC /* SectionTableCell.swift */,
			);
			path = SectionCollection;
			sourceTree = "<group>";
		};
		FCB9CA3A28F85860001A87FD = {
			isa = PBXGroup;
			children = (
				FCB9CA4528F85860001A87FD /* Test_Pizza */,
				FCB9CA4428F85860001A87FD /* Products */,
			);
			sourceTree = "<group>";
		};
		FCB9CA4428F85860001A87FD /* Products */ = {
			isa = PBXGroup;
			children = (
				FCB9CA4328F85860001A87FD /* Test_Pizza.app */,
			);
			name = Products;
			sourceTree = "<group>";
		};
		FCB9CA4528F85860001A87FD /* Test_Pizza */ = {
			isa = PBXGroup;
			children = (
				FCB9CA4628F85860001A87FD /* AppDelegate.swift */,
				FCB9CA4828F85860001A87FD /* SceneDelegate.swift */,
				FCB9CA4F28F85863001A87FD /* Assets.xcassets */,
				FCB9CA5128F85863001A87FD /* LaunchScreen.storyboard */,
				FCB9CA5428F85863001A87FD /* Info.plist */,
				FCB9CA5A28F85934001A87FD /* Module */,
			);
			path = Test_Pizza;
			sourceTree = "<group>";
		};
		FCB9CA5A28F85934001A87FD /* Module */ = {
			isa = PBXGroup;
			children = (
				FC6C3A8328F87EE6002811CC /* Customs */,
				FC6C3A7C28F8666C002811CC /* Models */,
				FCB9CA6A28F85DF0001A87FD /* Extension */,
				FCB9CA6128F85A6E001A87FD /* Basket */,
				FCB9CA6028F85A4E001A87FD /* Profile */,
				FCB9CA5F28F85A3C001A87FD /* Contacts */,
				FCB9CA5E28F85A37001A87FD /* Menu */,
				FCB9CA5B28F8593E001A87FD /* Main */,
			);
			path = Module;
			sourceTree = "<group>";
		};
		FCB9CA5B28F8593E001A87FD /* Main */ = {
			isa = PBXGroup;
			children = (
				FCB9CA5C28F8595C001A87FD /* MainTabBarVC.swift */,
			);
			path = Main;
			sourceTree = "<group>";
		};
		FCB9CA5E28F85A37001A87FD /* Menu */ = {
			isa = PBXGroup;
			children = (
				FC6C3A7928F863E7002811CC /* View */,
				FCB9CA6228F85A93001A87FD /* MenuVC.swift */,
			);
			path = Menu;
			sourceTree = "<group>";
		};
		FCB9CA5F28F85A3C001A87FD /* Contacts */ = {
			isa = PBXGroup;
			children = (
				FCB9CA6428F85AB0001A87FD /* ContactsVC.swift */,
			);
			path = Contacts;
			sourceTree = "<group>";
		};
		FCB9CA6028F85A4E001A87FD /* Profile */ = {
			isa = PBXGroup;
			children = (
				FCB9CA6628F85AC1001A87FD /* ProfileVC.swift */,
			);
			path = Profile;
			sourceTree = "<group>";
		};
		FCB9CA6128F85A6E001A87FD /* Basket */ = {
			isa = PBXGroup;
			children = (
				FCB9CA6828F85ACF001A87FD /* BasketVC.swift */,
			);
			path = Basket;
			sourceTree = "<group>";
		};
		FCB9CA6A28F85DF0001A87FD /* Extension */ = {
			isa = PBXGroup;
			children = (
				FCB9CA6B28F85E01001A87FD /* Ex+Colors.swift */,
				FC6C3A8A28F8949C002811CC /* MenuCollectionLayout.swift */,
			);
			path = Extension;
			sourceTree = "<group>";
		};
/* End PBXGroup section */

/* Begin PBXNativeTarget section */
		FCB9CA4228F85860001A87FD /* Test_Pizza */ = {
			isa = PBXNativeTarget;
			buildConfigurationList = FCB9CA5728F85863001A87FD /* Build configuration list for PBXNativeTarget "Test_Pizza" */;
			buildPhases = (
				FCB9CA3F28F85860001A87FD /* Sources */,
				FCB9CA4028F85860001A87FD /* Frameworks */,
				FCB9CA4128F85860001A87FD /* Resources */,
			);
			buildRules = (
			);
			dependencies = (
			);
			name = Test_Pizza;
			productName = Test_Pizza;
			productReference = FCB9CA4328F85860001A87FD /* Test_Pizza.app */;
			productType = "com.apple.product-type.application";
		};
/* End PBXNativeTarget section */

/* Begin PBXProject section */
		FCB9CA3B28F85860001A87FD /* Project object */ = {
			isa = PBXProject;
			attributes = {
				BuildIndependentTargetsInParallel = 1;
				LastSwiftUpdateCheck = 1340;
				LastUpgradeCheck = 1340;
				TargetAttributes = {
					FCB9CA4228F85860001A87FD = {
						CreatedOnToolsVersion = 13.4.1;
					};
				};
			};
			buildConfigurationList = FCB9CA3E28F85860001A87FD /* Build configuration list for PBXProject "Test_Pizza" */;
			compatibilityVersion = "Xcode 13.0";
			developmentRegion = en;
			hasScannedForEncodings = 0;
			knownRegions = (
				en,
				Base,
			);
			mainGroup = FCB9CA3A28F85860001A87FD;
			productRefGroup = FCB9CA4428F85860001A87FD /* Products */;
			projectDirPath = "";
			projectRoot = "";
			targets = (
				FCB9CA4228F85860001A87FD /* Test_Pizza */,
			);
		};
/* End PBXProject section */

/* Begin PBXResourcesBuildPhase section */
		FCB9CA4128F85860001A87FD /* Resources */ = {
			isa = PBXResourcesBuildPhase;
			buildActionMask = 2147483647;
			files = (
				FCB9CA5328F85863001A87FD /* LaunchScreen.storyboard in Resources */,
				FCB9CA5028F85863001A87FD /* Assets.xcassets in Resources */,
			);
			runOnlyForDeploymentPostprocessing = 0;
		};
/* End PBXResourcesBuildPhase section */

/* Begin PBXSourcesBuildPhase section */
		FCB9CA3F28F85860001A87FD /* Sources */ = {
			isa = PBXSourcesBuildPhase;
			buildActionMask = 2147483647;
			files = (
				FCB9CA4728F85860001A87FD /* AppDelegate.swift in Sources */,
				FCB9CA6C28F85E01001A87FD /* Ex+Colors.swift in Sources */,
				FCB9CA6728F85AC2001A87FD /* ProfileVC.swift in Sources */,
				FCB9CA5D28F8595C001A87FD /* MainTabBarVC.swift in Sources */,
				FCB9CA6928F85ACF001A87FD /* BasketVC.swift in Sources */,
				FC6C3A8B28F8949D002811CC /* MenuCollectionLayout.swift in Sources */,
				FC6C3A8F28F89FA0002811CC /* SectionButtonCell.swift in Sources */,
				FC6C3A8228F877AE002811CC /* Banner.swift in Sources */,
				FC6C3A7E28F8667C002811CC /* Pizza.swift in Sources */,
				FCB9CA4928F85860001A87FD /* SceneDelegate.swift in Sources */,
				FCB9CA6328F85A93001A87FD /* MenuVC.swift in Sources */,
				FC6C3A8528F87EF9002811CC /* NavBarView.swift in Sources */,
				FCB9CA6528F85AB0001A87FD /* ContactsVC.swift in Sources */,
				FC6C3A8928F89468002811CC /* BannerTableCell.swift in Sources */,
				FC6C3A8028F8778B002811CC /* BannerCell.swift in Sources */,
				FC6C3A9128F8A22D002811CC /* SectionTableCell.swift in Sources */,
				FC6C3A7B28F863FD002811CC /* PizzaCell.swift in Sources */,
			);
			runOnlyForDeploymentPostprocessing = 0;
		};
/* End PBXSourcesBuildPhase section */

/* Begin PBXVariantGroup section */
		FCB9CA5128F85863001A87FD /* LaunchScreen.storyboard */ = {
			isa = PBXVariantGroup;
			children = (
				FCB9CA5228F85863001A87FD /* Base */,
			);
			name = LaunchScreen.storyboard;
			sourceTree = "<group>";
		};
/* End PBXVariantGroup section */

/* Begin XCBuildConfiguration section */
		FCB9CA5528F85863001A87FD /* Debug */ = {
			isa = XCBuildConfiguration;
			buildSettings = {
				ALWAYS_SEARCH_USER_PATHS = NO;
				CLANG_ANALYZER_NONNULL = YES;
				CLANG_ANALYZER_NUMBER_OBJECT_CONVERSION = YES_AGGRESSIVE;
				CLANG_CXX_LANGUAGE_STANDARD = "gnu++17";
				CLANG_ENABLE_MODULES = YES;
				CLANG_ENABLE_OBJC_ARC = YES;
				CLANG_ENABLE_OBJC_WEAK = YES;
				CLANG_WARN_BLOCK_CAPTURE_AUTORELEASING = YES;
				CLANG_WARN_BOOL_CONVERSION = YES;
				CLANG_WARN_COMMA = YES;
				CLANG_WARN_CONSTANT_CONVERSION = YES;
				CLANG_WARN_DEPRECATED_OBJC_IMPLEMENTATIONS = YES;
				CLANG_WARN_DIRECT_OBJC_ISA_USAGE = YES_ERROR;
				CLANG_WARN_DOCUMENTATION_COMMENTS = YES;
				CLANG_WARN_EMPTY_BODY = YES;
				CLANG_WARN_ENUM_CONVERSION = YES;
				CLANG_WARN_INFINITE_RECURSION = YES;
				CLANG_WARN_INT_CONVERSION = YES;
				CLANG_WARN_NON_LITERAL_NULL_CONVERSION = YES;
				CLANG_WARN_OBJC_IMPLICIT_RETAIN_SELF = YES;
				CLANG_WARN_OBJC_LITERAL_CONVERSION = YES;
				CLANG_WARN_OBJC_ROOT_CLASS = YES_ERROR;
				CLANG_WARN_QUOTED_INCLUDE_IN_FRAMEWORK_HEADER = YES;
				CLANG_WARN_RANGE_LOOP_ANALYSIS = YES;
				CLANG_WARN_STRICT_PROTOTYPES = YES;
				CLANG_WARN_SUSPICIOUS_MOVE = YES;
				CLANG_WARN_UNGUARDED_AVAILABILITY = YES_AGGRESSIVE;
				CLANG_WARN_UNREACHABLE_CODE = YES;
				CLANG_WARN__DUPLICATE_METHOD_MATCH = YES;
				COPY_PHASE_STRIP = NO;
				DEBUG_INFORMATION_FORMAT = dwarf;
				ENABLE_STRICT_OBJC_MSGSEND = YES;
				ENABLE_TESTABILITY = YES;
				GCC_C_LANGUAGE_STANDARD = gnu11;
				GCC_DYNAMIC_NO_PIC = NO;
				GCC_NO_COMMON_BLOCKS = YES;
				GCC_OPTIMIZATION_LEVEL = 0;
				GCC_PREPROCESSOR_DEFINITIONS = (
					"DEBUG=1",
					"$(inherited)",
				);
				GCC_WARN_64_TO_32_BIT_CONVERSION = YES;
				GCC_WARN_ABOUT_RETURN_TYPE = YES_ERROR;
				GCC_WARN_UNDECLARED_SELECTOR = YES;
				GCC_WARN_UNINITIALIZED_AUTOS = YES_AGGRESSIVE;
				GCC_WARN_UNUSED_FUNCTION = YES;
				GCC_WARN_UNUSED_VARIABLE = YES;
				IPHONEOS_DEPLOYMENT_TARGET = 15.5;
				MTL_ENABLE_DEBUG_INFO = INCLUDE_SOURCE;
				MTL_FAST_MATH = YES;
				ONLY_ACTIVE_ARCH = YES;
				SDKROOT = iphoneos;
				SWIFT_ACTIVE_COMPILATION_CONDITIONS = DEBUG;
				SWIFT_OPTIMIZATION_LEVEL = "-Onone";
			};
			name = Debug;
		};
		FCB9CA5628F85863001A87FD /* Release */ = {
			isa = XCBuildConfiguration;
			buildSettings = {
				ALWAYS_SEARCH_USER_PATHS = NO;
				CLANG_ANALYZER_NONNULL = YES;
				CLANG_ANALYZER_NUMBER_OBJECT_CONVERSION = YES_AGGRESSIVE;
				CLANG_CXX_LANGUAGE_STANDARD = "gnu++17";
				CLANG_ENABLE_MODULES = YES;
				CLANG_ENABLE_OBJC_ARC = YES;
				CLANG_ENABLE_OBJC_WEAK = YES;
				CLANG_WARN_BLOCK_CAPTURE_AUTORELEASING = YES;
				CLANG_WARN_BOOL_CONVERSION = YES;
				CLANG_WARN_COMMA = YES;
				CLANG_WARN_CONSTANT_CONVERSION = YES;
				CLANG_WARN_DEPRECATED_OBJC_IMPLEMENTATIONS = YES;
				CLANG_WARN_DIRECT_OBJC_ISA_USAGE = YES_ERROR;
				CLANG_WARN_DOCUMENTATION_COMMENTS = YES;
				CLANG_WARN_EMPTY_BODY = YES;
				CLANG_WARN_ENUM_CONVERSION = YES;
				CLANG_WARN_INFINITE_RECURSION = YES;
				CLANG_WARN_INT_CONVERSION = YES;
				CLANG_WARN_NON_LITERAL_NULL_CONVERSION = YES;
				CLANG_WARN_OBJC_IMPLICIT_RETAIN_SELF = YES;
				CLANG_WARN_OBJC_LITERAL_CONVERSION = YES;
				CLANG_WARN_OBJC_ROOT_CLASS = YES_ERROR;
				CLANG_WARN_QUOTED_INCLUDE_IN_FRAMEWORK_HEADER = YES;
				CLANG_WARN_RANGE_LOOP_ANALYSIS = YES;
				CLANG_WARN_STRICT_PROTOTYPES = YES;
				CLANG_WARN_SUSPICIOUS_MOVE = YES;
				CLANG_WARN_UNGUARDED_AVAILABILITY = YES_AGGRESSIVE;
				CLANG_WARN_UNREACHABLE_CODE = YES;
				CLANG_WARN__DUPLICATE_METHOD_MATCH = YES;
				COPY_PHASE_STRIP = NO;
				DEBUG_INFORMATION_FORMAT = "dwarf-with-dsym";
				ENABLE_NS_ASSERTIONS = NO;
				ENABLE_STRICT_OBJC_MSGSEND = YES;
				GCC_C_LANGUAGE_STANDARD = gnu11;
				GCC_NO_COMMON_BLOCKS = YES;
				GCC_WARN_64_TO_32_BIT_CONVERSION = YES;
				GCC_WARN_ABOUT_RETURN_TYPE = YES_ERROR;
				GCC_WARN_UNDECLARED_SELECTOR = YES;
				GCC_WARN_UNINITIALIZED_AUTOS = YES_AGGRESSIVE;
				GCC_WARN_UNUSED_FUNCTION = YES;
				GCC_WARN_UNUSED_VARIABLE = YES;
				IPHONEOS_DEPLOYMENT_TARGET = 15.5;
				MTL_ENABLE_DEBUG_INFO = NO;
				MTL_FAST_MATH = YES;
				SDKROOT = iphoneos;
				SWIFT_COMPILATION_MODE = wholemodule;
				SWIFT_OPTIMIZATION_LEVEL = "-O";
				VALIDATE_PRODUCT = YES;
			};
			name = Release;
		};
		FCB9CA5828F85863001A87FD /* Debug */ = {
			isa = XCBuildConfiguration;
			buildSettings = {
				ASSETCATALOG_COMPILER_APPICON_NAME = AppIcon;
				ASSETCATALOG_COMPILER_GLOBAL_ACCENT_COLOR_NAME = AccentColor;
				CODE_SIGN_STYLE = Automatic;
				CURRENT_PROJECT_VERSION = 1;
				DEVELOPMENT_TEAM = BL67M76RZ8;
				GENERATE_INFOPLIST_FILE = YES;
				INFOPLIST_FILE = Test_Pizza/Info.plist;
				INFOPLIST_KEY_UIApplicationSupportsIndirectInputEvents = YES;
				INFOPLIST_KEY_UILaunchStoryboardName = LaunchScreen;
				INFOPLIST_KEY_UISupportedInterfaceOrientations_iPad = "UIInterfaceOrientationPortrait UIInterfaceOrientationPortraitUpsideDown UIInterfaceOrientationLandscapeLeft UIInterfaceOrientationLandscapeRight";
				INFOPLIST_KEY_UISupportedInterfaceOrientations_iPhone = "UIInterfaceOrientationPortrait UIInterfaceOrientationLandscapeLeft UIInterfaceOrientationLandscapeRight";
				LD_RUNPATH_SEARCH_PATHS = (
					"$(inherited)",
					"@executable_path/Frameworks",
				);
				MARKETING_VERSION = 1.0;
				PRODUCT_BUNDLE_IDENTIFIER = "Test.Test-Pizza";
				PRODUCT_NAME = "$(TARGET_NAME)";
				SWIFT_EMIT_LOC_STRINGS = YES;
				SWIFT_VERSION = 5.0;
				TARGETED_DEVICE_FAMILY = "1,2";
			};
			name = Debug;
		};
		FCB9CA5928F85863001A87FD /* Release */ = {
			isa = XCBuildConfiguration;
			buildSettings = {
				ASSETCATALOG_COMPILER_APPICON_NAME = AppIcon;
				ASSETCATALOG_COMPILER_GLOBAL_ACCENT_COLOR_NAME = AccentColor;
				CODE_SIGN_STYLE = Automatic;
				CURRENT_PROJECT_VERSION = 1;
				DEVELOPMENT_TEAM = BL67M76RZ8;
				GENERATE_INFOPLIST_FILE = YES;
				INFOPLIST_FILE = Test_Pizza/Info.plist;
				INFOPLIST_KEY_UIApplicationSupportsIndirectInputEvents = YES;
				INFOPLIST_KEY_UILaunchStoryboardName = LaunchScreen;
				INFOPLIST_KEY_UISupportedInterfaceOrientations_iPad = "UIInterfaceOrientationPortrait UIInterfaceOrientationPortraitUpsideDown UIInterfaceOrientationLandscapeLeft UIInterfaceOrientationLandscapeRight";
				INFOPLIST_KEY_UISupportedInterfaceOrientations_iPhone = "UIInterfaceOrientationPortrait UIInterfaceOrientationLandscapeLeft UIInterfaceOrientationLandscapeRight";
				LD_RUNPATH_SEARCH_PATHS = (
					"$(inherited)",
					"@executable_path/Frameworks",
				);
				MARKETING_VERSION = 1.0;
				PRODUCT_BUNDLE_IDENTIFIER = "Test.Test-Pizza";
				PRODUCT_NAME = "$(TARGET_NAME)";
				SWIFT_EMIT_LOC_STRINGS = YES;
				SWIFT_VERSION = 5.0;
				TARGETED_DEVICE_FAMILY = "1,2";
			};
			name = Release;
		};
/* End XCBuildConfiguration section */

/* Begin XCConfigurationList section */
		FCB9CA3E28F85860001A87FD /* Build configuration list for PBXProject "Test_Pizza" */ = {
			isa = XCConfigurationList;
			buildConfigurations = (
				FCB9CA5528F85863001A87FD /* Debug */,
				FCB9CA5628F85863001A87FD /* Release */,
			);
			defaultConfigurationIsVisible = 0;
			defaultConfigurationName = Release;
		};
		FCB9CA5728F85863001A87FD /* Build configuration list for PBXNativeTarget "Test_Pizza" */ = {
			isa = XCConfigurationList;
			buildConfigurations = (
				FCB9CA5828F85863001A87FD /* Debug */,
				FCB9CA5928F85863001A87FD /* Release */,
			);
			defaultConfigurationIsVisible = 0;
			defaultConfigurationName = Release;
		};
/* End XCConfigurationList section */
	};
	rootObject = FCB9CA3B28F85860001A87FD /* Project object */;
}
